
Microsoft Visual Studio Solution File, Format Version 12.00
# Visual Studio 15
VisualStudioVersion = 15.0.28307.757
MinimumVisualStudioVersion = 10.0.40219.1
Project("{8BC9CEB8-8B4A-11D0-8D11-00A0C91BC942}") = "Car", "Car\Car.vcxproj", "{A35EBBE7-CB90-4BA9-8DB8-5B44E49B2DF0}"
EndProject
Project("{8BC9CEB8-8B4A-11D0-8D11-00A0C91BC942}") = "Threads", "Threads\Threads.vcxproj", "{A4A79DE7-172D-4B4F-AAF5-CBE40E734D74}"
EndProject
Global
	GlobalSection(SolutionConfigurationPlatforms) = preSolution
		Debug|x64 = Debug|x64
		Debug|x86 = Debug|x86
		Release|x64 = Release|x64
		Release|x86 = Release|x86
	EndGlobalSection
	GlobalSection(ProjectConfigurationPlatforms) = postSolution
		{A35EBBE7-CB90-4BA9-8DB8-5B44E49B2DF0}.Debug|x64.ActiveCfg = Debug|x64
		{A35EBBE7-CB90-4BA9-8DB8-5B44E49B2DF0}.Debug|x64.Build.0 = Debug|x64
		{A35EBBE7-CB90-4BA9-8DB8-5B44E49B2DF0}.Debug|x86.ActiveCfg = Debug|Win32
		{A35EBBE7-CB90-4BA9-8DB8-5B44E49B2DF0}.Debug|x86.Build.0 = Debug|Win32
		{A35EBBE7-CB90-4BA9-8DB8-5B44E49B2DF0}.Release|x64.ActiveCfg = Release|x64
		{A35EBBE7-CB90-4BA9-8DB8-5B44E49B2DF0}.Release|x64.Build.0 = Release|x64
		{A35EBBE7-CB90-4BA9-8DB8-5B44E49B2DF0}.Release|x86.ActiveCfg = Release|Win32
		{A35EBBE7-CB90-4BA9-8DB8-5B44E49B2DF0}.Release|x86.Build.0 = Release|Win32
		{A4A79DE7-172D-4B4F-AAF5-CBE40E734D74}.Debug|x64.ActiveCfg = Debug|x64
		{A4A79DE7-172D-4B4F-AAF5-CBE40E734D74}.Debug|x64.Build.0 = Debug|x64
		{A4A79DE7-172D-4B4F-AAF5-CBE40E734D74}.Debug|x86.ActiveCfg = Debug|Win32
		{A4A79DE7-172D-4B4F-AAF5-CBE40E734D74}.Debug|x86.Build.0 = Debug|Win32
		{A4A79DE7-172D-4B4F-AAF5-CBE40E734D74}.Release|x64.ActiveCfg = Release|x64
		{A4A79DE7-172D-4B4F-AAF5-CBE40E734D74}.Release|x64.Build.0 = Release|x64
		{A4A79DE7-172D-4B4F-AAF5-CBE40E734D74}.Release|x86.ActiveCfg = Release|Win32
		{A4A79DE7-172D-4B4F-AAF5-CBE40E734D74}.Release|x86.Build.0 = Release|Win32
	EndGlobalSection
	GlobalSection(SolutionProperties) = preSolution
		HideSolutionNode = FALSE
	EndGlobalSection
	GlobalSection(ExtensibilityGlobals) = postSolution
		SolutionGuid = {DDA64947-4A50-4CA2-9473-F3BCA3FA48B1}
	EndGlobalSection
EndGlobal
