
Microsoft Visual Studio Solution File, Format Version 12.00
# Visual Studio 15
VisualStudioVersion = 15.0.28307.757
MinimumVisualStudioVersion = 10.0.40219.1
Project("{FAE04EC0-301F-11D3-BF4B-00C04F79EFBC}") = "ConsoleApp1", "ConsoleApp1\ConsoleApp1.csproj", "{03385A90-F7AE-4E82-8751-24E1561D66E9}"
EndProject
Global
	GlobalSection(SolutionConfigurationPlatforms) = preSolution
		Debug|Any CPU = Debug|Any CPU
		Release|Any CPU = Release|Any CPU
	EndGlobalSection
	GlobalSection(ProjectConfigurationPlatforms) = postSolution
		{03385A90-F7AE-4E82-8751-24E1561D66E9}.Debug|Any CPU.ActiveCfg = Debug|Any CPU
		{03385A90-F7AE-4E82-8751-24E1561D66E9}.Debug|Any CPU.Build.0 = Debug|Any CPU
		{03385A90-F7AE-4E82-8751-24E1561D66E9}.Release|Any CPU.ActiveCfg = Release|Any CPU
		{03385A90-F7AE-4E82-8751-24E1561D66E9}.Release|Any CPU.Build.0 = Release|Any CPU
	EndGlobalSection
	GlobalSection(SolutionProperties) = preSolution
		HideSolutionNode = FALSE
	EndGlobalSection
	GlobalSection(ExtensibilityGlobals) = postSolution
		SolutionGuid = {A9A21C4D-0AC6-4EE7-ACD9-6CE42361CE2E}
	EndGlobalSection
EndGlobal
